
Microsoft Visual Studio Solution File, Format Version 12.00
# Visual Studio Version 16
VisualStudioVersion = 16.0.31613.86
MinimumVisualStudioVersion = 10.0.40219.1
Project("{9A19103F-16F7-4668-BE54-9A1E7A4F7556}") = "Sabin.ConsoleApp", "Sabin.ConsoleApp\Sabin.ConsoleApp.csproj", "{A1120277-8166-4D5B-9B1F-0A72E6FBBA30}"
EndProject
Global
	GlobalSection(SolutionConfigurationPlatforms) = preSolution
		Debug|Any CPU = Debug|Any CPU
		Release|Any CPU = Release|Any CPU
	EndGlobalSection
	GlobalSection(ProjectConfigurationPlatforms) = postSolution
		{A1120277-8166-4D5B-9B1F-0A72E6FBBA30}.Debug|Any CPU.ActiveCfg = Debug|Any CPU
		{A1120277-8166-4D5B-9B1F-0A72E6FBBA30}.Debug|Any CPU.Build.0 = Debug|Any CPU
		{A1120277-8166-4D5B-9B1F-0A72E6FBBA30}.Release|Any CPU.ActiveCfg = Release|Any CPU
		{A1120277-8166-4D5B-9B1F-0A72E6FBBA30}.Release|Any CPU.Build.0 = Release|Any CPU
	EndGlobalSection
	GlobalSection(SolutionProperties) = preSolution
		HideSolutionNode = FALSE
	EndGlobalSection
	GlobalSection(ExtensibilityGlobals) = postSolution
		SolutionGuid = {F2121992-73CF-47ED-8D05-423423D0EF5C}
	EndGlobalSection
EndGlobal
